// !$*UTF8*$!
{
	archiveVersion = 1;
	classes = {
	};
	objectVersion = 46;
	objects = {

/* Begin PBXBuildFile section */
		CDE7E88118A696C00028BCE0 /* Reveal.framework in Frameworks */ = {isa = PBXBuildFile; fileRef = CDE7E87F18A696340028BCE0 /* Reveal.framework */; };
		CDF646CC18A72FA60027F7C5 /* RuralClient.m in Sources */ = {isa = PBXBuildFile; fileRef = CDF646CB18A72FA60027F7C5 /* RuralClient.m */; };
		CDF646CE18A733650027F7C5 /* RuralConfig.plist in Resources */ = {isa = PBXBuildFile; fileRef = CDF646CD18A733650027F7C5 /* RuralConfig.plist */; };
		EC3A623718A3E14000E5858B /* Foundation.framework in Frameworks */ = {isa = PBXBuildFile; fileRef = EC3A623618A3E14000E5858B /* Foundation.framework */; };
		EC3A623918A3E14000E5858B /* CoreGraphics.framework in Frameworks */ = {isa = PBXBuildFile; fileRef = EC3A623818A3E14000E5858B /* CoreGraphics.framework */; };
		EC3A623B18A3E14000E5858B /* UIKit.framework in Frameworks */ = {isa = PBXBuildFile; fileRef = EC3A623A18A3E14000E5858B /* UIKit.framework */; };
		EC3A624118A3E14000E5858B /* InfoPlist.strings in Resources */ = {isa = PBXBuildFile; fileRef = EC3A623F18A3E14000E5858B /* InfoPlist.strings */; };
		EC3A624318A3E14000E5858B /* main.m in Sources */ = {isa = PBXBuildFile; fileRef = EC3A624218A3E14000E5858B /* main.m */; };
		EC3A624718A3E14000E5858B /* AppDelegate.m in Sources */ = {isa = PBXBuildFile; fileRef = EC3A624618A3E14000E5858B /* AppDelegate.m */; };
		EC3A624A18A3E14000E5858B /* Main.storyboard in Resources */ = {isa = PBXBuildFile; fileRef = EC3A624818A3E14000E5858B /* Main.storyboard */; };
		EC3A624D18A3E14000E5858B /* ViewController.m in Sources */ = {isa = PBXBuildFile; fileRef = EC3A624C18A3E14000E5858B /* ViewController.m */; };
		EC3A624F18A3E14000E5858B /* Images.xcassets in Resources */ = {isa = PBXBuildFile; fileRef = EC3A624E18A3E14000E5858B /* Images.xcassets */; };
		EC3A627018A3E17000E5858B /* Foundation.framework in Frameworks */ = {isa = PBXBuildFile; fileRef = EC3A623618A3E14000E5858B /* Foundation.framework */; };
		EC3A629318A3E19500E5858B /* Rural.m in Sources */ = {isa = PBXBuildFile; fileRef = EC3A629218A3E19500E5858B /* Rural.m */; };
		EC3A629618A4160700E5858B /* libruralsdk.a in Frameworks */ = {isa = PBXBuildFile; fileRef = EC3A626F18A3E17000E5858B /* libruralsdk.a */; };
		EC3A629918A41F2400E5858B /* PushEditView.m in Sources */ = {isa = PBXBuildFile; fileRef = EC3A629818A41F2400E5858B /* PushEditView.m */; };
		EC3A629C18A579C900E5858B /* TextViewNext.m in Sources */ = {isa = PBXBuildFile; fileRef = EC3A629B18A579C900E5858B /* TextViewNext.m */; };
/* End PBXBuildFile section */

/* Begin PBXContainerItemProxy section */
		EC3A629418A4160000E5858B /* PBXContainerItemProxy */ = {
			isa = PBXContainerItemProxy;
			containerPortal = EC3A622B18A3E14000E5858B /* Project object */;
			proxyType = 1;
			remoteGlobalIDString = EC3A626E18A3E17000E5858B;
			remoteInfo = ruralsdk;
		};
/* End PBXContainerItemProxy section */

/* Begin PBXCopyFilesBuildPhase section */
		EC3A626D18A3E17000E5858B /* CopyFiles */ = {
			isa = PBXCopyFilesBuildPhase;
			buildActionMask = 2147483647;
			dstPath = "include/$(PRODUCT_NAME)";
			dstSubfolderSpec = 16;
			files = (
			);
			runOnlyForDeploymentPostprocessing = 0;
		};
/* End PBXCopyFilesBuildPhase section */

/* Begin PBXFileReference section */
		CDE7E87F18A696340028BCE0 /* Reveal.framework */ = {isa = PBXFileReference; lastKnownFileType = wrapper.framework; name = Reveal.framework; path = "../../../../Applications/Reveal.app/Contents/SharedSupport/iOS-Libraries/Reveal.framework"; sourceTree = "<group>"; };
		CDF646CA18A72FA60027F7C5 /* RuralClient.h */ = {isa = PBXFileReference; fileEncoding = 4; lastKnownFileType = sourcecode.c.h; path = RuralClient.h; sourceTree = "<group>"; };
		CDF646CB18A72FA60027F7C5 /* RuralClient.m */ = {isa = PBXFileReference; fileEncoding = 4; lastKnownFileType = sourcecode.c.objc; path = RuralClient.m; sourceTree = "<group>"; };
		CDF646CD18A733650027F7C5 /* RuralConfig.plist */ = {isa = PBXFileReference; fileEncoding = 4; lastKnownFileType = text.plist.xml; path = RuralConfig.plist; sourceTree = "<group>"; };
		EC3A623318A3E14000E5858B /* rural.app */ = {isa = PBXFileReference; explicitFileType = wrapper.application; includeInIndex = 0; path = rural.app; sourceTree = BUILT_PRODUCTS_DIR; };
		EC3A623618A3E14000E5858B /* Foundation.framework */ = {isa = PBXFileReference; lastKnownFileType = wrapper.framework; name = Foundation.framework; path = System/Library/Frameworks/Foundation.framework; sourceTree = SDKROOT; };
		EC3A623818A3E14000E5858B /* CoreGraphics.framework */ = {isa = PBXFileReference; lastKnownFileType = wrapper.framework; name = CoreGraphics.framework; path = System/Library/Frameworks/CoreGraphics.framework; sourceTree = SDKROOT; };
		EC3A623A18A3E14000E5858B /* UIKit.framework */ = {isa = PBXFileReference; lastKnownFileType = wrapper.framework; name = UIKit.framework; path = System/Library/Frameworks/UIKit.framework; sourceTree = SDKROOT; };
		EC3A623E18A3E14000E5858B /* rural-Info.plist */ = {isa = PBXFileReference; lastKnownFileType = text.plist.xml; path = "rural-Info.plist"; sourceTree = "<group>"; };
		EC3A624018A3E14000E5858B /* en */ = {isa = PBXFileReference; lastKnownFileType = text.plist.strings; name = en; path = en.lproj/InfoPlist.strings; sourceTree = "<group>"; };
		EC3A624218A3E14000E5858B /* main.m */ = {isa = PBXFileReference; lastKnownFileType = sourcecode.c.objc; path = main.m; sourceTree = "<group>"; };
		EC3A624418A3E14000E5858B /* rural-Prefix.pch */ = {isa = PBXFileReference; lastKnownFileType = sourcecode.c.h; path = "rural-Prefix.pch"; sourceTree = "<group>"; };
		EC3A624518A3E14000E5858B /* AppDelegate.h */ = {isa = PBXFileReference; lastKnownFileType = sourcecode.c.h; path = AppDelegate.h; sourceTree = "<group>"; };
		EC3A624618A3E14000E5858B /* AppDelegate.m */ = {isa = PBXFileReference; lastKnownFileType = sourcecode.c.objc; path = AppDelegate.m; sourceTree = "<group>"; };
		EC3A624918A3E14000E5858B /* Base */ = {isa = PBXFileReference; lastKnownFileType = file.storyboard; name = Base; path = Base.lproj/Main.storyboard; sourceTree = "<group>"; };
		EC3A624B18A3E14000E5858B /* ViewController.h */ = {isa = PBXFileReference; lastKnownFileType = sourcecode.c.h; path = ViewController.h; sourceTree = "<group>"; };
		EC3A624C18A3E14000E5858B /* ViewController.m */ = {isa = PBXFileReference; lastKnownFileType = sourcecode.c.objc; path = ViewController.m; sourceTree = "<group>"; };
		EC3A624E18A3E14000E5858B /* Images.xcassets */ = {isa = PBXFileReference; lastKnownFileType = folder.assetcatalog; path = Images.xcassets; sourceTree = "<group>"; };
		EC3A625518A3E14000E5858B /* XCTest.framework */ = {isa = PBXFileReference; lastKnownFileType = wrapper.framework; name = XCTest.framework; path = Library/Frameworks/XCTest.framework; sourceTree = DEVELOPER_DIR; };
		EC3A626F18A3E17000E5858B /* libruralsdk.a */ = {isa = PBXFileReference; explicitFileType = archive.ar; includeInIndex = 0; path = libruralsdk.a; sourceTree = BUILT_PRODUCTS_DIR; };
		EC3A627318A3E17000E5858B /* ruralsdk-Prefix.pch */ = {isa = PBXFileReference; lastKnownFileType = sourcecode.c.h; path = "ruralsdk-Prefix.pch"; sourceTree = "<group>"; };
		EC3A629118A3E19500E5858B /* Rural.h */ = {isa = PBXFileReference; fileEncoding = 4; lastKnownFileType = sourcecode.c.h; path = Rural.h; sourceTree = "<group>"; };
		EC3A629218A3E19500E5858B /* Rural.m */ = {isa = PBXFileReference; fileEncoding = 4; lastKnownFileType = sourcecode.c.objc; path = Rural.m; sourceTree = "<group>"; };
		EC3A629718A41F2400E5858B /* PushEditView.h */ = {isa = PBXFileReference; fileEncoding = 4; lastKnownFileType = sourcecode.c.h; path = PushEditView.h; sourceTree = "<group>"; };
		EC3A629818A41F2400E5858B /* PushEditView.m */ = {isa = PBXFileReference; fileEncoding = 4; lastKnownFileType = sourcecode.c.objc; path = PushEditView.m; sourceTree = "<group>"; };
		EC3A629A18A579C900E5858B /* TextViewNext.h */ = {isa = PBXFileReference; fileEncoding = 4; lastKnownFileType = sourcecode.c.h; path = TextViewNext.h; sourceTree = "<group>"; };
		EC3A629B18A579C900E5858B /* TextViewNext.m */ = {isa = PBXFileReference; fileEncoding = 4; lastKnownFileType = sourcecode.c.objc; path = TextViewNext.m; sourceTree = "<group>"; };
/* End PBXFileReference section */

/* Begin PBXFrameworksBuildPhase section */
		EC3A623018A3E14000E5858B /* Frameworks */ = {
			isa = PBXFrameworksBuildPhase;
			buildActionMask = 2147483647;
			files = (
				CDE7E88118A696C00028BCE0 /* Reveal.framework in Frameworks */,
				EC3A629618A4160700E5858B /* libruralsdk.a in Frameworks */,
				EC3A623918A3E14000E5858B /* CoreGraphics.framework in Frameworks */,
				EC3A623B18A3E14000E5858B /* UIKit.framework in Frameworks */,
				EC3A623718A3E14000E5858B /* Foundation.framework in Frameworks */,
			);
			runOnlyForDeploymentPostprocessing = 0;
		};
		EC3A626C18A3E17000E5858B /* Frameworks */ = {
			isa = PBXFrameworksBuildPhase;
			buildActionMask = 2147483647;
			files = (
				EC3A627018A3E17000E5858B /* Foundation.framework in Frameworks */,
			);
			runOnlyForDeploymentPostprocessing = 0;
		};
/* End PBXFrameworksBuildPhase section */

/* Begin PBXGroup section */
		EC3A622A18A3E14000E5858B = {
			isa = PBXGroup;
			children = (
				EC3A623C18A3E14000E5858B /* rural */,
				EC3A627118A3E17000E5858B /* ruralsdk */,
				EC3A623518A3E14000E5858B /* Frameworks */,
				EC3A623418A3E14000E5858B /* Products */,
			);
			sourceTree = "<group>";
		};
		EC3A623418A3E14000E5858B /* Products */ = {
			isa = PBXGroup;
			children = (
				EC3A623318A3E14000E5858B /* rural.app */,
				EC3A626F18A3E17000E5858B /* libruralsdk.a */,
			);
			name = Products;
			sourceTree = "<group>";
		};
		EC3A623518A3E14000E5858B /* Frameworks */ = {
			isa = PBXGroup;
			children = (
				CDE7E87F18A696340028BCE0 /* Reveal.framework */,
				EC3A623618A3E14000E5858B /* Foundation.framework */,
				EC3A623818A3E14000E5858B /* CoreGraphics.framework */,
				EC3A623A18A3E14000E5858B /* UIKit.framework */,
				EC3A625518A3E14000E5858B /* XCTest.framework */,
			);
			name = Frameworks;
			sourceTree = "<group>";
		};
		EC3A623C18A3E14000E5858B /* rural */ = {
			isa = PBXGroup;
			children = (
				EC3A624518A3E14000E5858B /* AppDelegate.h */,
				EC3A624618A3E14000E5858B /* AppDelegate.m */,
				EC3A624818A3E14000E5858B /* Main.storyboard */,
				EC3A624B18A3E14000E5858B /* ViewController.h */,
				EC3A624C18A3E14000E5858B /* ViewController.m */,
				EC3A629718A41F2400E5858B /* PushEditView.h */,
				EC3A629818A41F2400E5858B /* PushEditView.m */,
				EC3A629A18A579C900E5858B /* TextViewNext.h */,
				EC3A629B18A579C900E5858B /* TextViewNext.m */,
				EC3A624E18A3E14000E5858B /* Images.xcassets */,
				EC3A623D18A3E14000E5858B /* Supporting Files */,
			);
			path = rural;
			sourceTree = "<group>";
		};
		EC3A623D18A3E14000E5858B /* Supporting Files */ = {
			isa = PBXGroup;
			children = (
				EC3A623E18A3E14000E5858B /* rural-Info.plist */,
				EC3A623F18A3E14000E5858B /* InfoPlist.strings */,
				EC3A624218A3E14000E5858B /* main.m */,
				EC3A624418A3E14000E5858B /* rural-Prefix.pch */,
				CDF646CD18A733650027F7C5 /* RuralConfig.plist */,
			);
			name = "Supporting Files";
			sourceTree = "<group>";
		};
		EC3A627118A3E17000E5858B /* ruralsdk */ = {
			isa = PBXGroup;
			children = (
				EC3A627218A3E17000E5858B /* Supporting Files */,
				EC3A629118A3E19500E5858B /* Rural.h */,
				EC3A629218A3E19500E5858B /* Rural.m */,
				CDF646CA18A72FA60027F7C5 /* RuralClient.h */,
				CDF646CB18A72FA60027F7C5 /* RuralClient.m */,
			);
			path = ruralsdk;
			sourceTree = "<group>";
		};
		EC3A627218A3E17000E5858B /* Supporting Files */ = {
			isa = PBXGroup;
			children = (
				EC3A627318A3E17000E5858B /* ruralsdk-Prefix.pch */,
			);
			name = "Supporting Files";
			sourceTree = "<group>";
		};
/* End PBXGroup section */

/* Begin PBXNativeTarget section */
		EC3A623218A3E14000E5858B /* rural */ = {
			isa = PBXNativeTarget;
			buildConfigurationList = EC3A626518A3E14000E5858B /* Build configuration list for PBXNativeTarget "rural" */;
			buildPhases = (
				EC3A622F18A3E14000E5858B /* Sources */,
				EC3A623018A3E14000E5858B /* Frameworks */,
				EC3A623118A3E14000E5858B /* Resources */,
			);
			buildRules = (
			);
			dependencies = (
				EC3A629518A4160000E5858B /* PBXTargetDependency */,
			);
			name = rural;
			productName = rural;
			productReference = EC3A623318A3E14000E5858B /* rural.app */;
			productType = "com.apple.product-type.application";
		};
		EC3A626E18A3E17000E5858B /* ruralsdk */ = {
			isa = PBXNativeTarget;
			buildConfigurationList = EC3A628B18A3E17000E5858B /* Build configuration list for PBXNativeTarget "ruralsdk" */;
			buildPhases = (
				EC3A626B18A3E17000E5858B /* Sources */,
				EC3A626C18A3E17000E5858B /* Frameworks */,
				EC3A626D18A3E17000E5858B /* CopyFiles */,
			);
			buildRules = (
			);
			dependencies = (
			);
			name = ruralsdk;
			productName = ruralsdk;
			productReference = EC3A626F18A3E17000E5858B /* libruralsdk.a */;
			productType = "com.apple.product-type.library.static";
		};
/* End PBXNativeTarget section */

/* Begin PBXProject section */
		EC3A622B18A3E14000E5858B /* Project object */ = {
			isa = PBXProject;
			attributes = {
				LastUpgradeCheck = 0500;
				ORGANIZATIONNAME = "Scott Guyer";
			};
			buildConfigurationList = EC3A622E18A3E14000E5858B /* Build configuration list for PBXProject "rural" */;
			compatibilityVersion = "Xcode 3.2";
			developmentRegion = English;
			hasScannedForEncodings = 0;
			knownRegions = (
				en,
				Base,
			);
			mainGroup = EC3A622A18A3E14000E5858B;
			productRefGroup = EC3A623418A3E14000E5858B /* Products */;
			projectDirPath = "";
			projectRoot = "";
			targets = (
				EC3A623218A3E14000E5858B /* rural */,
				EC3A626E18A3E17000E5858B /* ruralsdk */,
			);
		};
/* End PBXProject section */

/* Begin PBXResourcesBuildPhase section */
		EC3A623118A3E14000E5858B /* Resources */ = {
			isa = PBXResourcesBuildPhase;
			buildActionMask = 2147483647;
			files = (
				EC3A624F18A3E14000E5858B /* Images.xcassets in Resources */,
				EC3A624118A3E14000E5858B /* InfoPlist.strings in Resources */,
				EC3A624A18A3E14000E5858B /* Main.storyboard in Resources */,
				CDF646CE18A733650027F7C5 /* RuralConfig.plist in Resources */,
			);
			runOnlyForDeploymentPostprocessing = 0;
		};
/* End PBXResourcesBuildPhase section */

/* Begin PBXSourcesBuildPhase section */
		EC3A622F18A3E14000E5858B /* Sources */ = {
			isa = PBXSourcesBuildPhase;
			buildActionMask = 2147483647;
			files = (
				EC3A624D18A3E14000E5858B /* ViewController.m in Sources */,
				EC3A624718A3E14000E5858B /* AppDelegate.m in Sources */,
				EC3A629918A41F2400E5858B /* PushEditView.m in Sources */,
				EC3A624318A3E14000E5858B /* main.m in Sources */,
				EC3A629C18A579C900E5858B /* TextViewNext.m in Sources */,
			);
			runOnlyForDeploymentPostprocessing = 0;
		};
		EC3A626B18A3E17000E5858B /* Sources */ = {
			isa = PBXSourcesBuildPhase;
			buildActionMask = 2147483647;
			files = (
				EC3A629318A3E19500E5858B /* Rural.m in Sources */,
				CDF646CC18A72FA60027F7C5 /* RuralClient.m in Sources */,
			);
			runOnlyForDeploymentPostprocessing = 0;
		};
/* End PBXSourcesBuildPhase section */

/* Begin PBXTargetDependency section */
		EC3A629518A4160000E5858B /* PBXTargetDependency */ = {
			isa = PBXTargetDependency;
			target = EC3A626E18A3E17000E5858B /* ruralsdk */;
			targetProxy = EC3A629418A4160000E5858B /* PBXContainerItemProxy */;
		};
/* End PBXTargetDependency section */

/* Begin PBXVariantGroup section */
		EC3A623F18A3E14000E5858B /* InfoPlist.strings */ = {
			isa = PBXVariantGroup;
			children = (
				EC3A624018A3E14000E5858B /* en */,
			);
			name = InfoPlist.strings;
			sourceTree = "<group>";
		};
		EC3A624818A3E14000E5858B /* Main.storyboard */ = {
			isa = PBXVariantGroup;
			children = (
				EC3A624918A3E14000E5858B /* Base */,
			);
			name = Main.storyboard;
			sourceTree = "<group>";
		};
/* End PBXVariantGroup section */

/* Begin XCBuildConfiguration section */
		EC3A626318A3E14000E5858B /* Debug */ = {
			isa = XCBuildConfiguration;
			buildSettings = {
				ALWAYS_SEARCH_USER_PATHS = NO;
				ARCHS = "$(ARCHS_STANDARD_INCLUDING_64_BIT)";
				CLANG_CXX_LANGUAGE_STANDARD = "gnu++0x";
				CLANG_CXX_LIBRARY = "libc++";
				CLANG_ENABLE_MODULES = YES;
				CLANG_ENABLE_OBJC_ARC = YES;
				CLANG_WARN_BOOL_CONVERSION = YES;
				CLANG_WARN_CONSTANT_CONVERSION = YES;
				CLANG_WARN_DIRECT_OBJC_ISA_USAGE = YES_ERROR;
				CLANG_WARN_EMPTY_BODY = YES;
				CLANG_WARN_ENUM_CONVERSION = YES;
				CLANG_WARN_INT_CONVERSION = YES;
				CLANG_WARN_OBJC_ROOT_CLASS = YES_ERROR;
				CLANG_WARN__DUPLICATE_METHOD_MATCH = YES;
				"CODE_SIGN_IDENTITY[sdk=iphoneos*]" = "iPhone Developer";
				COPY_PHASE_STRIP = NO;
				GCC_C_LANGUAGE_STANDARD = gnu99;
				GCC_DYNAMIC_NO_PIC = NO;
				GCC_OPTIMIZATION_LEVEL = 0;
				GCC_PREPROCESSOR_DEFINITIONS = (
					"DEBUG=1",
					"$(inherited)",
				);
				GCC_SYMBOLS_PRIVATE_EXTERN = NO;
				GCC_WARN_64_TO_32_BIT_CONVERSION = YES;
				GCC_WARN_ABOUT_RETURN_TYPE = YES_ERROR;
				GCC_WARN_UNDECLARED_SELECTOR = YES;
				GCC_WARN_UNINITIALIZED_AUTOS = YES;
				GCC_WARN_UNUSED_FUNCTION = YES;
				GCC_WARN_UNUSED_VARIABLE = YES;
				IPHONEOS_DEPLOYMENT_TARGET = 7.0;
				ONLY_ACTIVE_ARCH = YES;
				SDKROOT = iphoneos;
			};
			name = Debug;
		};
		EC3A626418A3E14000E5858B /* Release */ = {
			isa = XCBuildConfiguration;
			buildSettings = {
				ALWAYS_SEARCH_USER_PATHS = NO;
				ARCHS = "$(ARCHS_STANDARD_INCLUDING_64_BIT)";
				CLANG_CXX_LANGUAGE_STANDARD = "gnu++0x";
				CLANG_CXX_LIBRARY = "libc++";
				CLANG_ENABLE_MODULES = YES;
				CLANG_ENABLE_OBJC_ARC = YES;
				CLANG_WARN_BOOL_CONVERSION = YES;
				CLANG_WARN_CONSTANT_CONVERSION = YES;
				CLANG_WARN_DIRECT_OBJC_ISA_USAGE = YES_ERROR;
				CLANG_WARN_EMPTY_BODY = YES;
				CLANG_WARN_ENUM_CONVERSION = YES;
				CLANG_WARN_INT_CONVERSION = YES;
				CLANG_WARN_OBJC_ROOT_CLASS = YES_ERROR;
				CLANG_WARN__DUPLICATE_METHOD_MATCH = YES;
				"CODE_SIGN_IDENTITY[sdk=iphoneos*]" = "iPhone Developer";
				COPY_PHASE_STRIP = YES;
				ENABLE_NS_ASSERTIONS = NO;
				GCC_C_LANGUAGE_STANDARD = gnu99;
				GCC_WARN_64_TO_32_BIT_CONVERSION = YES;
				GCC_WARN_ABOUT_RETURN_TYPE = YES_ERROR;
				GCC_WARN_UNDECLARED_SELECTOR = YES;
				GCC_WARN_UNINITIALIZED_AUTOS = YES;
				GCC_WARN_UNUSED_FUNCTION = YES;
				GCC_WARN_UNUSED_VARIABLE = YES;
				IPHONEOS_DEPLOYMENT_TARGET = 7.0;
				SDKROOT = iphoneos;
				VALIDATE_PRODUCT = YES;
			};
			name = Release;
		};
		EC3A626618A3E14000E5858B /* Debug */ = {
			isa = XCBuildConfiguration;
			buildSettings = {
				ASSETCATALOG_COMPILER_APPICON_NAME = AppIcon;
				ASSETCATALOG_COMPILER_LAUNCHIMAGE_NAME = LaunchImage;
				FRAMEWORK_SEARCH_PATHS = (
					"$(inherited)",
					"$(SYSTEM_APPS_DIR)/Reveal.app/Contents/SharedSupport/iOS-Libraries",
				);
				GCC_PRECOMPILE_PREFIX_HEADER = YES;
				GCC_PREFIX_HEADER = "rural/rural-Prefix.pch";
				INFOPLIST_FILE = "rural/rural-Info.plist";
				OTHER_LDFLAGS = "-ObjC";
				PRODUCT_NAME = "$(TARGET_NAME)";
				WRAPPER_EXTENSION = app;
			};
			name = Debug;
		};
		EC3A626718A3E14000E5858B /* Release */ = {
			isa = XCBuildConfiguration;
			buildSettings = {
				ASSETCATALOG_COMPILER_APPICON_NAME = AppIcon;
				ASSETCATALOG_COMPILER_LAUNCHIMAGE_NAME = LaunchImage;
				FRAMEWORK_SEARCH_PATHS = (
					"$(inherited)",
					"$(SYSTEM_APPS_DIR)/Reveal.app/Contents/SharedSupport/iOS-Libraries",
				);
				GCC_PRECOMPILE_PREFIX_HEADER = YES;
				GCC_PREFIX_HEADER = "rural/rural-Prefix.pch";
				INFOPLIST_FILE = "rural/rural-Info.plist";
				OTHER_LDFLAGS = "-ObjC";
				PRODUCT_NAME = "$(TARGET_NAME)";
				WRAPPER_EXTENSION = app;
			};
			name = Release;
		};
		EC3A628C18A3E17000E5858B /* Debug */ = {
			isa = XCBuildConfiguration;
			buildSettings = {
				ARCHS = "$(ARCHS_STANDARD_INCLUDING_64_BIT)";
				DSTROOT = /tmp/ruralsdk.dst;
				GCC_PRECOMPILE_PREFIX_HEADER = YES;
				GCC_PREFIX_HEADER = "ruralsdk/ruralsdk-Prefix.pch";
				GCC_PREPROCESSOR_DEFINITIONS = (
					"DEBUG=1",
					"$(inherited)",
				);
				OTHER_LDFLAGS = "-ObjC";
				PRODUCT_NAME = "$(TARGET_NAME)";
				SKIP_INSTALL = YES;
			};
			name = Debug;
		};
		EC3A628D18A3E17000E5858B /* Release */ = {
			isa = XCBuildConfiguration;
			buildSettings = {
				ARCHS = "$(ARCHS_STANDARD_INCLUDING_64_BIT)";
				DSTROOT = /tmp/ruralsdk.dst;
				GCC_PRECOMPILE_PREFIX_HEADER = YES;
				GCC_PREFIX_HEADER = "ruralsdk/ruralsdk-Prefix.pch";
				OTHER_LDFLAGS = "-ObjC";
				PRODUCT_NAME = "$(TARGET_NAME)";
				SKIP_INSTALL = YES;
			};
			name = Release;
		};
/* End XCBuildConfiguration section */

/* Begin XCConfigurationList section */
		EC3A622E18A3E14000E5858B /* Build configuration list for PBXProject "rural" */ = {
			isa = XCConfigurationList;
			buildConfigurations = (
				EC3A626318A3E14000E5858B /* Debug */,
				EC3A626418A3E14000E5858B /* Release */,
			);
			defaultConfigurationIsVisible = 0;
			defaultConfigurationName = Release;
		};
		EC3A626518A3E14000E5858B /* Build configuration list for PBXNativeTarget "rural" */ = {
			isa = XCConfigurationList;
			buildConfigurations = (
				EC3A626618A3E14000E5858B /* Debug */,
				EC3A626718A3E14000E5858B /* Release */,
			);
			defaultConfigurationIsVisible = 0;
			defaultConfigurationName = Release;
		};
		EC3A628B18A3E17000E5858B /* Build configuration list for PBXNativeTarget "ruralsdk" */ = {
			isa = XCConfigurationList;
			buildConfigurations = (
				EC3A628C18A3E17000E5858B /* Debug */,
				EC3A628D18A3E17000E5858B /* Release */,
			);
			defaultConfigurationIsVisible = 0;
			defaultConfigurationName = Release;
		};
/* End XCConfigurationList section */
	};
	rootObject = EC3A622B18A3E14000E5858B /* Project object */;
}
